
Microsoft Visual Studio Solution File, Format Version 11.00
# Visual Studio 2010
Project("{FAE04EC0-301F-11D3-BF4B-00C04F79EFBC}") = "PrisonStep", "PrisonStep\PrisonStep.csproj", "{15352C9A-B094-4C85-BB75-06D626C46997}"
EndProject
Project("{FAE04EC0-301F-11D3-BF4B-00C04F79EFBC}") = "PrisonStepContent", "PrisonStepContent\PrisonStepContent.contentproj", "{5A089D4C-D26B-4C7D-B622-D4CD51844421}"
EndProject
Project("{FAE04EC0-301F-11D3-BF4B-00C04F79EFBC}") = "AnimationPipeline", "AnimationPipeline\AnimationPipeline.csproj", "{0F6D48E2-4102-41D3-A2F2-B5B1A80712B0}"
EndProject
Project("{FAE04EC0-301F-11D3-BF4B-00C04F79EFBC}") = "XnaAux", "XnaAux\XnaAux.csproj", "{A319B2BB-82A6-4D88-9474-7891B73DE4D2}"
EndProject
Project("{FAE04EC0-301F-11D3-BF4B-00C04F79EFBC}") = "PipelineDebugger", "PipelineDebugger\PipelineDebugger.csproj", "{C0711145-A10D-4ACA-8E47-3662C74940F3}"
EndProject
Global
	GlobalSection(SolutionConfigurationPlatforms) = preSolution
		Debug|x86 = Debug|x86
		Release|x86 = Release|x86
	EndGlobalSection
	GlobalSection(ProjectConfigurationPlatforms) = postSolution
		{15352C9A-B094-4C85-BB75-06D626C46997}.Debug|x86.ActiveCfg = Debug|x86
		{15352C9A-B094-4C85-BB75-06D626C46997}.Debug|x86.Build.0 = Debug|x86
		{15352C9A-B094-4C85-BB75-06D626C46997}.Release|x86.ActiveCfg = Release|x86
		{15352C9A-B094-4C85-BB75-06D626C46997}.Release|x86.Build.0 = Release|x86
		{5A089D4C-D26B-4C7D-B622-D4CD51844421}.Debug|x86.ActiveCfg = Debug|x86
		{5A089D4C-D26B-4C7D-B622-D4CD51844421}.Release|x86.ActiveCfg = Release|x86
		{0F6D48E2-4102-41D3-A2F2-B5B1A80712B0}.Debug|x86.ActiveCfg = Debug|x86
		{0F6D48E2-4102-41D3-A2F2-B5B1A80712B0}.Debug|x86.Build.0 = Debug|x86
		{0F6D48E2-4102-41D3-A2F2-B5B1A80712B0}.Release|x86.ActiveCfg = Release|x86
		{0F6D48E2-4102-41D3-A2F2-B5B1A80712B0}.Release|x86.Build.0 = Release|x86
		{A319B2BB-82A6-4D88-9474-7891B73DE4D2}.Debug|x86.ActiveCfg = Debug|x86
		{A319B2BB-82A6-4D88-9474-7891B73DE4D2}.Debug|x86.Build.0 = Debug|x86
		{A319B2BB-82A6-4D88-9474-7891B73DE4D2}.Release|x86.ActiveCfg = Release|x86
		{A319B2BB-82A6-4D88-9474-7891B73DE4D2}.Release|x86.Build.0 = Release|x86
		{C0711145-A10D-4ACA-8E47-3662C74940F3}.Debug|x86.ActiveCfg = Debug|x86
		{C0711145-A10D-4ACA-8E47-3662C74940F3}.Debug|x86.Build.0 = Debug|x86
		{C0711145-A10D-4ACA-8E47-3662C74940F3}.Release|x86.ActiveCfg = Release|x86
		{C0711145-A10D-4ACA-8E47-3662C74940F3}.Release|x86.Build.0 = Release|x86
	EndGlobalSection
	GlobalSection(SolutionProperties) = preSolution
		HideSolutionNode = FALSE
	EndGlobalSection
EndGlobal
